
Microsoft Visual Studio Solution File, Format Version 12.00
# Visual Studio Version 17
VisualStudioVersion = 17.1.32421.90
MinimumVisualStudioVersion = 10.0.40219.1
Project("{FAE04EC0-301F-11D3-BF4B-00C04F79EFBC}") = "ZongziTEK_Blackboard_Sticker", "ZongziTEK_Blackboard_Sticker\ZongziTEK_Blackboard_Sticker.csproj", "{01ACAAF3-0138-4CE5-815E-D3BC58764234}"
EndProject
Global
	GlobalSection(SolutionConfigurationPlatforms) = preSolution
		Debug|Any CPU = Debug|Any CPU
		NoDebug-ZongziTEK_Blackboard_Sticker|Any CPU = NoDebug-ZongziTEK_Blackboard_Sticker|Any CPU
		Release|Any CPU = Release|Any CPU
	EndGlobalSection
	GlobalSection(ProjectConfigurationPlatforms) = postSolution
		{01ACAAF3-0138-4CE5-815E-D3BC58764234}.Debug|Any CPU.ActiveCfg = Debug|Any CPU
		{01ACAAF3-0138-4CE5-815E-D3BC58764234}.Debug|Any CPU.Build.0 = Debug|Any CPU
		{01ACAAF3-0138-4CE5-815E-D3BC58764234}.NoDebug-ZongziTEK_Blackboard_Sticker|Any CPU.ActiveCfg = ZongziTEK_Blackboard_Sticker|Any CPU
		{01ACAAF3-0138-4CE5-815E-D3BC58764234}.NoDebug-ZongziTEK_Blackboard_Sticker|Any CPU.Build.0 = ZongziTEK_Blackboard_Sticker|Any CPU
		{01ACAAF3-0138-4CE5-815E-D3BC58764234}.Release|Any CPU.ActiveCfg = Release|Any CPU
		{01ACAAF3-0138-4CE5-815E-D3BC58764234}.Release|Any CPU.Build.0 = Release|Any CPU
	EndGlobalSection
	GlobalSection(SolutionProperties) = preSolution
		HideSolutionNode = FALSE
	EndGlobalSection
	GlobalSection(ExtensibilityGlobals) = postSolution
		SolutionGuid = {A85FC8B3-93C8-4EA5-9D29-2C72FE52CB68}
	EndGlobalSection
EndGlobal
